
Microsoft Visual Studio Solution File, Format Version 12.00
# Visual Studio 14
VisualStudioVersion = 14.0.25420.1
MinimumVisualStudioVersion = 10.0.40219.1
Project("{FAE04EC0-301F-11D3-BF4B-00C04F79EFBC}") = "MineClearingEvaluator", "MineClearingEvaluator\MineClearingEvaluator.csproj", "{2FAE5999-AD71-4098-B5E3-5C634C96B125}"
EndProject
Project("{FAE04EC0-301F-11D3-BF4B-00C04F79EFBC}") = "MineClearingEvaluatorIntegrationTests", "MineClearingEvaluatorIntegrationTests\MineClearingEvaluatorIntegrationTests.csproj", "{5B2C5818-FE2B-4165-907E-B5182F036BB4}"
EndProject
Global
	GlobalSection(SolutionConfigurationPlatforms) = preSolution
		Debug|Any CPU = Debug|Any CPU
		Release|Any CPU = Release|Any CPU
	EndGlobalSection
	GlobalSection(ProjectConfigurationPlatforms) = postSolution
		{2FAE5999-AD71-4098-B5E3-5C634C96B125}.Debug|Any CPU.ActiveCfg = Debug|Any CPU
		{2FAE5999-AD71-4098-B5E3-5C634C96B125}.Debug|Any CPU.Build.0 = Debug|Any CPU
		{2FAE5999-AD71-4098-B5E3-5C634C96B125}.Release|Any CPU.ActiveCfg = Release|Any CPU
		{2FAE5999-AD71-4098-B5E3-5C634C96B125}.Release|Any CPU.Build.0 = Release|Any CPU
		{5B2C5818-FE2B-4165-907E-B5182F036BB4}.Debug|Any CPU.ActiveCfg = Debug|Any CPU
		{5B2C5818-FE2B-4165-907E-B5182F036BB4}.Debug|Any CPU.Build.0 = Debug|Any CPU
		{5B2C5818-FE2B-4165-907E-B5182F036BB4}.Release|Any CPU.ActiveCfg = Release|Any CPU
		{5B2C5818-FE2B-4165-907E-B5182F036BB4}.Release|Any CPU.Build.0 = Release|Any CPU
	EndGlobalSection
	GlobalSection(SolutionProperties) = preSolution
		HideSolutionNode = FALSE
	EndGlobalSection
EndGlobal
